// !$*UTF8*$!
{
	archiveVersion = 1;
	classes = {
	};
	objectVersion = 50;
	objects = {

/* Begin PBXBuildFile section */
		F3B8A9642386F61F0074058F /* AppDelegate.swift in Sources */ = {isa = PBXBuildFile; fileRef = F3B8A9632386F61F0074058F /* AppDelegate.swift */; };
		F3B8A9662386F61F0074058F /* SceneDelegate.swift in Sources */ = {isa = PBXBuildFile; fileRef = F3B8A9652386F61F0074058F /* SceneDelegate.swift */; };
		F3B8A9682386F61F0074058F /* ContentView.swift in Sources */ = {isa = PBXBuildFile; fileRef = F3B8A9672386F61F0074058F /* ContentView.swift */; };
		F3B8A96A2386F6270074058F /* Assets.xcassets in Resources */ = {isa = PBXBuildFile; fileRef = F3B8A9692386F6270074058F /* Assets.xcassets */; };
		F3B8A96D2386F6270074058F /* Preview Assets.xcassets in Resources */ = {isa = PBXBuildFile; fileRef = F3B8A96C2386F6270074058F /* Preview Assets.xcassets */; };
		F3B8A9702386F6270074058F /* LaunchScreen.storyboard in Resources */ = {isa = PBXBuildFile; fileRef = F3B8A96E2386F6270074058F /* LaunchScreen.storyboard */; };
		F3B8A97B2386F6270074058F /* CarsShoppingTests.swift in Sources */ = {isa = PBXBuildFile; fileRef = F3B8A97A2386F6270074058F /* CarsShoppingTests.swift */; };
		F3B8A9862386F6270074058F /* CarsShoppingUITests.swift in Sources */ = {isa = PBXBuildFile; fileRef = F3B8A9852386F6270074058F /* CarsShoppingUITests.swift */; };
		F3B8A9962386F7AE0074058F /* HomeListView.swift in Sources */ = {isa = PBXBuildFile; fileRef = F3B8A9952386F7AE0074058F /* HomeListView.swift */; };
		F3B8A9982386F7E70074058F /* HomeList.swift in Sources */ = {isa = PBXBuildFile; fileRef = F3B8A9972386F7E70074058F /* HomeList.swift */; };
		F3B8A99A2386F7FA0074058F /* HomeProtocol.swift in Sources */ = {isa = PBXBuildFile; fileRef = F3B8A9992386F7FA0074058F /* HomeProtocol.swift */; };
		F3B8A99C2386FA640074058F /* HomeListRoute.swift in Sources */ = {isa = PBXBuildFile; fileRef = F3B8A99B2386FA640074058F /* HomeListRoute.swift */; };
/* End PBXBuildFile section */

/* Begin PBXContainerItemProxy section */
		F3B8A9772386F6270074058F /* PBXContainerItemProxy */ = {
			isa = PBXContainerItemProxy;
			containerPortal = F3B8A9582386F61F0074058F /* Project object */;
			proxyType = 1;
			remoteGlobalIDString = F3B8A95F2386F61F0074058F;
			remoteInfo = CarsShopping;
		};
		F3B8A9822386F6270074058F /* PBXContainerItemProxy */ = {
			isa = PBXContainerItemProxy;
			containerPortal = F3B8A9582386F61F0074058F /* Project object */;
			proxyType = 1;
			remoteGlobalIDString = F3B8A95F2386F61F0074058F;
			remoteInfo = CarsShopping;
		};
/* End PBXContainerItemProxy section */

/* Begin PBXFileReference section */
		F3B8A9602386F61F0074058F /* CarsShopping.app */ = {isa = PBXFileReference; explicitFileType = wrapper.application; includeInIndex = 0; path = CarsShopping.app; sourceTree = BUILT_PRODUCTS_DIR; };
		F3B8A9632386F61F0074058F /* AppDelegate.swift */ = {isa = PBXFileReference; lastKnownFileType = sourcecode.swift; path = AppDelegate.swift; sourceTree = "<group>"; };
		F3B8A9652386F61F0074058F /* SceneDelegate.swift */ = {isa = PBXFileReference; lastKnownFileType = sourcecode.swift; path = SceneDelegate.swift; sourceTree = "<group>"; };
		F3B8A9672386F61F0074058F /* ContentView.swift */ = {isa = PBXFileReference; lastKnownFileType = sourcecode.swift; path = ContentView.swift; sourceTree = "<group>"; };
		F3B8A9692386F6270074058F /* Assets.xcassets */ = {isa = PBXFileReference; lastKnownFileType = folder.assetcatalog; path = Assets.xcassets; sourceTree = "<group>"; };
		F3B8A96C2386F6270074058F /* Preview Assets.xcassets */ = {isa = PBXFileReference; lastKnownFileType = folder.assetcatalog; path = "Preview Assets.xcassets"; sourceTree = "<group>"; };
		F3B8A96F2386F6270074058F /* Base */ = {isa = PBXFileReference; lastKnownFileType = file.storyboard; name = Base; path = Base.lproj/LaunchScreen.storyboard; sourceTree = "<group>"; };
		F3B8A9712386F6270074058F /* Info.plist */ = {isa = PBXFileReference; lastKnownFileType = text.plist.xml; path = Info.plist; sourceTree = "<group>"; };
		F3B8A9762386F6270074058F /* CarsShoppingTests.xctest */ = {isa = PBXFileReference; explicitFileType = wrapper.cfbundle; includeInIndex = 0; path = CarsShoppingTests.xctest; sourceTree = BUILT_PRODUCTS_DIR; };
		F3B8A97A2386F6270074058F /* CarsShoppingTests.swift */ = {isa = PBXFileReference; lastKnownFileType = sourcecode.swift; path = CarsShoppingTests.swift; sourceTree = "<group>"; };
		F3B8A97C2386F6270074058F /* Info.plist */ = {isa = PBXFileReference; lastKnownFileType = text.plist.xml; path = Info.plist; sourceTree = "<group>"; };
		F3B8A9812386F6270074058F /* CarsShoppingUITests.xctest */ = {isa = PBXFileReference; explicitFileType = wrapper.cfbundle; includeInIndex = 0; path = CarsShoppingUITests.xctest; sourceTree = BUILT_PRODUCTS_DIR; };
		F3B8A9852386F6270074058F /* CarsShoppingUITests.swift */ = {isa = PBXFileReference; lastKnownFileType = sourcecode.swift; path = CarsShoppingUITests.swift; sourceTree = "<group>"; };
		F3B8A9872386F6270074058F /* Info.plist */ = {isa = PBXFileReference; lastKnownFileType = text.plist.xml; path = Info.plist; sourceTree = "<group>"; };
		F3B8A9952386F7AE0074058F /* HomeListView.swift */ = {isa = PBXFileReference; lastKnownFileType = sourcecode.swift; path = HomeListView.swift; sourceTree = "<group>"; };
		F3B8A9972386F7E70074058F /* HomeList.swift */ = {isa = PBXFileReference; lastKnownFileType = sourcecode.swift; path = HomeList.swift; sourceTree = "<group>"; };
		F3B8A9992386F7FA0074058F /* HomeProtocol.swift */ = {isa = PBXFileReference; lastKnownFileType = sourcecode.swift; path = HomeProtocol.swift; sourceTree = "<group>"; };
		F3B8A99B2386FA640074058F /* HomeListRoute.swift */ = {isa = PBXFileReference; lastKnownFileType = sourcecode.swift; path = HomeListRoute.swift; sourceTree = "<group>"; };
/* End PBXFileReference section */

/* Begin PBXFrameworksBuildPhase section */
		F3B8A95D2386F61F0074058F /* Frameworks */ = {
			isa = PBXFrameworksBuildPhase;
			buildActionMask = 2147483647;
			files = (
			);
			runOnlyForDeploymentPostprocessing = 0;
		};
		F3B8A9732386F6270074058F /* Frameworks */ = {
			isa = PBXFrameworksBuildPhase;
			buildActionMask = 2147483647;
			files = (
			);
			runOnlyForDeploymentPostprocessing = 0;
		};
		F3B8A97E2386F6270074058F /* Frameworks */ = {
			isa = PBXFrameworksBuildPhase;
			buildActionMask = 2147483647;
			files = (
			);
			runOnlyForDeploymentPostprocessing = 0;
		};
/* End PBXFrameworksBuildPhase section */

/* Begin PBXGroup section */
		F3B8A9572386F61F0074058F = {
			isa = PBXGroup;
			children = (
				F3B8A9622386F61F0074058F /* CarsShopping */,
				F3B8A9792386F6270074058F /* CarsShoppingTests */,
				F3B8A9842386F6270074058F /* CarsShoppingUITests */,
				F3B8A9612386F61F0074058F /* Products */,
			);
			sourceTree = "<group>";
		};
		F3B8A9612386F61F0074058F /* Products */ = {
			isa = PBXGroup;
			children = (
				F3B8A9602386F61F0074058F /* CarsShopping.app */,
				F3B8A9762386F6270074058F /* CarsShoppingTests.xctest */,
				F3B8A9812386F6270074058F /* CarsShoppingUITests.xctest */,
			);
			name = Products;
			sourceTree = "<group>";
		};
		F3B8A9622386F61F0074058F /* CarsShopping */ = {
			isa = PBXGroup;
			children = (
				F3B8A9932386F76F0074058F /* Modulos */,
				F3B8A9632386F61F0074058F /* AppDelegate.swift */,
				F3B8A9652386F61F0074058F /* SceneDelegate.swift */,
				F3B8A9672386F61F0074058F /* ContentView.swift */,
				F3B8A9692386F6270074058F /* Assets.xcassets */,
				F3B8A96E2386F6270074058F /* LaunchScreen.storyboard */,
				F3B8A9712386F6270074058F /* Info.plist */,
				F3B8A96B2386F6270074058F /* Preview Content */,
			);
			path = CarsShopping;
			sourceTree = "<group>";
		};
		F3B8A96B2386F6270074058F /* Preview Content */ = {
			isa = PBXGroup;
			children = (
				F3B8A96C2386F6270074058F /* Preview Assets.xcassets */,
			);
			path = "Preview Content";
			sourceTree = "<group>";
		};
		F3B8A9792386F6270074058F /* CarsShoppingTests */ = {
			isa = PBXGroup;
			children = (
				F3B8A97A2386F6270074058F /* CarsShoppingTests.swift */,
				F3B8A97C2386F6270074058F /* Info.plist */,
			);
			path = CarsShoppingTests;
			sourceTree = "<group>";
		};
		F3B8A9842386F6270074058F /* CarsShoppingUITests */ = {
			isa = PBXGroup;
			children = (
				F3B8A9852386F6270074058F /* CarsShoppingUITests.swift */,
				F3B8A9872386F6270074058F /* Info.plist */,
			);
			path = CarsShoppingUITests;
			sourceTree = "<group>";
		};
		F3B8A9932386F76F0074058F /* Modulos */ = {
			isa = PBXGroup;
			children = (
				F3B8A9942386F77A0074058F /* HomeList */,
			);
			path = Modulos;
			sourceTree = "<group>";
		};
		F3B8A9942386F77A0074058F /* HomeList */ = {
			isa = PBXGroup;
			children = (
				F3B8A9952386F7AE0074058F /* HomeListView.swift */,
				F3B8A9972386F7E70074058F /* HomeList.swift */,
				F3B8A9992386F7FA0074058F /* HomeProtocol.swift */,
				F3B8A99B2386FA640074058F /* HomeListRoute.swift */,
			);
			path = HomeList;
			sourceTree = "<group>";
		};
/* End PBXGroup section */

/* Begin PBXNativeTarget section */
		F3B8A95F2386F61F0074058F /* CarsShopping */ = {
			isa = PBXNativeTarget;
			buildConfigurationList = F3B8A98A2386F6270074058F /* Build configuration list for PBXNativeTarget "CarsShopping" */;
			buildPhases = (
				F3B8A95C2386F61F0074058F /* Sources */,
				F3B8A95D2386F61F0074058F /* Frameworks */,
				F3B8A95E2386F61F0074058F /* Resources */,
			);
			buildRules = (
			);
			dependencies = (
			);
			name = CarsShopping;
			productName = CarsShopping;
			productReference = F3B8A9602386F61F0074058F /* CarsShopping.app */;
			productType = "com.apple.product-type.application";
		};
		F3B8A9752386F6270074058F /* CarsShoppingTests */ = {
			isa = PBXNativeTarget;
			buildConfigurationList = F3B8A98D2386F6270074058F /* Build configuration list for PBXNativeTarget "CarsShoppingTests" */;
			buildPhases = (
				F3B8A9722386F6270074058F /* Sources */,
				F3B8A9732386F6270074058F /* Frameworks */,
				F3B8A9742386F6270074058F /* Resources */,
			);
			buildRules = (
			);
			dependencies = (
				F3B8A9782386F6270074058F /* PBXTargetDependency */,
			);
			name = CarsShoppingTests;
			productName = CarsShoppingTests;
			productReference = F3B8A9762386F6270074058F /* CarsShoppingTests.xctest */;
			productType = "com.apple.product-type.bundle.unit-test";
		};
		F3B8A9802386F6270074058F /* CarsShoppingUITests */ = {
			isa = PBXNativeTarget;
			buildConfigurationList = F3B8A9902386F6270074058F /* Build configuration list for PBXNativeTarget "CarsShoppingUITests" */;
			buildPhases = (
				F3B8A97D2386F6270074058F /* Sources */,
				F3B8A97E2386F6270074058F /* Frameworks */,
				F3B8A97F2386F6270074058F /* Resources */,
			);
			buildRules = (
			);
			dependencies = (
				F3B8A9832386F6270074058F /* PBXTargetDependency */,
			);
			name = CarsShoppingUITests;
			productName = CarsShoppingUITests;
			productReference = F3B8A9812386F6270074058F /* CarsShoppingUITests.xctest */;
			productType = "com.apple.product-type.bundle.ui-testing";
		};
/* End PBXNativeTarget section */

/* Begin PBXProject section */
		F3B8A9582386F61F0074058F /* Project object */ = {
			isa = PBXProject;
			attributes = {
				LastSwiftUpdateCheck = 1110;
				LastUpgradeCheck = 1110;
				ORGANIZATIONNAME = "Thiago Vaz";
				TargetAttributes = {
					F3B8A95F2386F61F0074058F = {
						CreatedOnToolsVersion = 11.1;
					};
					F3B8A9752386F6270074058F = {
						CreatedOnToolsVersion = 11.1;
						TestTargetID = F3B8A95F2386F61F0074058F;
					};
					F3B8A9802386F6270074058F = {
						CreatedOnToolsVersion = 11.1;
						TestTargetID = F3B8A95F2386F61F0074058F;
					};
				};
			};
			buildConfigurationList = F3B8A95B2386F61F0074058F /* Build configuration list for PBXProject "CarsShopping" */;
			compatibilityVersion = "Xcode 9.3";
			developmentRegion = en;
			hasScannedForEncodings = 0;
			knownRegions = (
				en,
				Base,
			);
			mainGroup = F3B8A9572386F61F0074058F;
			productRefGroup = F3B8A9612386F61F0074058F /* Products */;
			projectDirPath = "";
			projectRoot = "";
			targets = (
				F3B8A95F2386F61F0074058F /* CarsShopping */,
				F3B8A9752386F6270074058F /* CarsShoppingTests */,
				F3B8A9802386F6270074058F /* CarsShoppingUITests */,
			);
		};
/* End PBXProject section */

/* Begin PBXResourcesBuildPhase section */
		F3B8A95E2386F61F0074058F /* Resources */ = {
			isa = PBXResourcesBuildPhase;
			buildActionMask = 2147483647;
			files = (
				F3B8A9702386F6270074058F /* LaunchScreen.storyboard in Resources */,
				F3B8A96D2386F6270074058F /* Preview Assets.xcassets in Resources */,
				F3B8A96A2386F6270074058F /* Assets.xcassets in Resources */,
			);
			runOnlyForDeploymentPostprocessing = 0;
		};
		F3B8A9742386F6270074058F /* Resources */ = {
			isa = PBXResourcesBuildPhase;
			buildActionMask = 2147483647;
			files = (
			);
			runOnlyForDeploymentPostprocessing = 0;
		};
		F3B8A97F2386F6270074058F /* Resources */ = {
			isa = PBXResourcesBuildPhase;
			buildActionMask = 2147483647;
			files = (
			);
			runOnlyForDeploymentPostprocessing = 0;
		};
/* End PBXResourcesBuildPhase section */

/* Begin PBXSourcesBuildPhase section */
		F3B8A95C2386F61F0074058F /* Sources */ = {
			isa = PBXSourcesBuildPhase;
			buildActionMask = 2147483647;
			files = (
				F3B8A9642386F61F0074058F /* AppDelegate.swift in Sources */,
				F3B8A99C2386FA640074058F /* HomeListRoute.swift in Sources */,
				F3B8A9982386F7E70074058F /* HomeList.swift in Sources */,
				F3B8A9962386F7AE0074058F /* HomeListView.swift in Sources */,
				F3B8A9662386F61F0074058F /* SceneDelegate.swift in Sources */,
				F3B8A99A2386F7FA0074058F /* HomeProtocol.swift in Sources */,
				F3B8A9682386F61F0074058F /* ContentView.swift in Sources */,
			);
			runOnlyForDeploymentPostprocessing = 0;
		};
		F3B8A9722386F6270074058F /* Sources */ = {
			isa = PBXSourcesBuildPhase;
			buildActionMask = 2147483647;
			files = (
				F3B8A97B2386F6270074058F /* CarsShoppingTests.swift in Sources */,
			);
			runOnlyForDeploymentPostprocessing = 0;
		};
		F3B8A97D2386F6270074058F /* Sources */ = {
			isa = PBXSourcesBuildPhase;
			buildActionMask = 2147483647;
			files = (
				F3B8A9862386F6270074058F /* CarsShoppingUITests.swift in Sources */,
			);
			runOnlyForDeploymentPostprocessing = 0;
		};
/* End PBXSourcesBuildPhase section */

/* Begin PBXTargetDependency section */
		F3B8A9782386F6270074058F /* PBXTargetDependency */ = {
			isa = PBXTargetDependency;
			target = F3B8A95F2386F61F0074058F /* CarsShopping */;
			targetProxy = F3B8A9772386F6270074058F /* PBXContainerItemProxy */;
		};
		F3B8A9832386F6270074058F /* PBXTargetDependency */ = {
			isa = PBXTargetDependency;
			target = F3B8A95F2386F61F0074058F /* CarsShopping */;
			targetProxy = F3B8A9822386F6270074058F /* PBXContainerItemProxy */;
		};
/* End PBXTargetDependency section */

/* Begin PBXVariantGroup section */
		F3B8A96E2386F6270074058F /* LaunchScreen.storyboard */ = {
			isa = PBXVariantGroup;
			children = (
				F3B8A96F2386F6270074058F /* Base */,
			);
			name = LaunchScreen.storyboard;
			sourceTree = "<group>";
		};
/* End PBXVariantGroup section */

/* Begin XCBuildConfiguration section */
		F3B8A9882386F6270074058F /* Debug */ = {
			isa = XCBuildConfiguration;
			buildSettings = {
				ALWAYS_SEARCH_USER_PATHS = NO;
				CLANG_ANALYZER_NONNULL = YES;
				CLANG_ANALYZER_NUMBER_OBJECT_CONVERSION = YES_AGGRESSIVE;
				CLANG_CXX_LANGUAGE_STANDARD = "gnu++14";
				CLANG_CXX_LIBRARY = "libc++";
				CLANG_ENABLE_MODULES = YES;
				CLANG_ENABLE_OBJC_ARC = YES;
				CLANG_ENABLE_OBJC_WEAK = YES;
				CLANG_WARN_BLOCK_CAPTURE_AUTORELEASING = YES;
				CLANG_WARN_BOOL_CONVERSION = YES;
				CLANG_WARN_COMMA = YES;
				CLANG_WARN_CONSTANT_CONVERSION = YES;
				CLANG_WARN_DEPRECATED_OBJC_IMPLEMENTATIONS = YES;
				CLANG_WARN_DIRECT_OBJC_ISA_USAGE = YES_ERROR;
				CLANG_WARN_DOCUMENTATION_COMMENTS = YES;
				CLANG_WARN_EMPTY_BODY = YES;
				CLANG_WARN_ENUM_CONVERSION = YES;
				CLANG_WARN_INFINITE_RECURSION = YES;
				CLANG_WARN_INT_CONVERSION = YES;
				CLANG_WARN_NON_LITERAL_NULL_CONVERSION = YES;
				CLANG_WARN_OBJC_IMPLICIT_RETAIN_SELF = YES;
				CLANG_WARN_OBJC_LITERAL_CONVERSION = YES;
				CLANG_WARN_OBJC_ROOT_CLASS = YES_ERROR;
				CLANG_WARN_RANGE_LOOP_ANALYSIS = YES;
				CLANG_WARN_STRICT_PROTOTYPES = YES;
				CLANG_WARN_SUSPICIOUS_MOVE = YES;
				CLANG_WARN_UNGUARDED_AVAILABILITY = YES_AGGRESSIVE;
				CLANG_WARN_UNREACHABLE_CODE = YES;
				CLANG_WARN__DUPLICATE_METHOD_MATCH = YES;
				COPY_PHASE_STRIP = NO;
				DEBUG_INFORMATION_FORMAT = dwarf;
				ENABLE_STRICT_OBJC_MSGSEND = YES;
				ENABLE_TESTABILITY = YES;
				GCC_C_LANGUAGE_STANDARD = gnu11;
				GCC_DYNAMIC_NO_PIC = NO;
				GCC_NO_COMMON_BLOCKS = YES;
				GCC_OPTIMIZATION_LEVEL = 0;
				GCC_PREPROCESSOR_DEFINITIONS = (
					"DEBUG=1",
					"$(inherited)",
				);
				GCC_WARN_64_TO_32_BIT_CONVERSION = YES;
				GCC_WARN_ABOUT_RETURN_TYPE = YES_ERROR;
				GCC_WARN_UNDECLARED_SELECTOR = YES;
				GCC_WARN_UNINITIALIZED_AUTOS = YES_AGGRESSIVE;
				GCC_WARN_UNUSED_FUNCTION = YES;
				GCC_WARN_UNUSED_VARIABLE = YES;
				IPHONEOS_DEPLOYMENT_TARGET = 13.1;
				MTL_ENABLE_DEBUG_INFO = INCLUDE_SOURCE;
				MTL_FAST_MATH = YES;
				ONLY_ACTIVE_ARCH = YES;
				SDKROOT = iphoneos;
				SWIFT_ACTIVE_COMPILATION_CONDITIONS = DEBUG;
				SWIFT_OPTIMIZATION_LEVEL = "-Onone";
			};
			name = Debug;
		};
		F3B8A9892386F6270074058F /* Release */ = {
			isa = XCBuildConfiguration;
			buildSettings = {
				ALWAYS_SEARCH_USER_PATHS = NO;
				CLANG_ANALYZER_NONNULL = YES;
				CLANG_ANALYZER_NUMBER_OBJECT_CONVERSION = YES_AGGRESSIVE;
				CLANG_CXX_LANGUAGE_STANDARD = "gnu++14";
				CLANG_CXX_LIBRARY = "libc++";
				CLANG_ENABLE_MODULES = YES;
				CLANG_ENABLE_OBJC_ARC = YES;
				CLANG_ENABLE_OBJC_WEAK = YES;
				CLANG_WARN_BLOCK_CAPTURE_AUTORELEASING = YES;
				CLANG_WARN_BOOL_CONVERSION = YES;
				CLANG_WARN_COMMA = YES;
				CLANG_WARN_CONSTANT_CONVERSION = YES;
				CLANG_WARN_DEPRECATED_OBJC_IMPLEMENTATIONS = YES;
				CLANG_WARN_DIRECT_OBJC_ISA_USAGE = YES_ERROR;
				CLANG_WARN_DOCUMENTATION_COMMENTS = YES;
				CLANG_WARN_EMPTY_BODY = YES;
				CLANG_WARN_ENUM_CONVERSION = YES;
				CLANG_WARN_INFINITE_RECURSION = YES;
				CLANG_WARN_INT_CONVERSION = YES;
				CLANG_WARN_NON_LITERAL_NULL_CONVERSION = YES;
				CLANG_WARN_OBJC_IMPLICIT_RETAIN_SELF = YES;
				CLANG_WARN_OBJC_LITERAL_CONVERSION = YES;
				CLANG_WARN_OBJC_ROOT_CLASS = YES_ERROR;
				CLANG_WARN_RANGE_LOOP_ANALYSIS = YES;
				CLANG_WARN_STRICT_PROTOTYPES = YES;
				CLANG_WARN_SUSPICIOUS_MOVE = YES;
				CLANG_WARN_UNGUARDED_AVAILABILITY = YES_AGGRESSIVE;
				CLANG_WARN_UNREACHABLE_CODE = YES;
				CLANG_WARN__DUPLICATE_METHOD_MATCH = YES;
				COPY_PHASE_STRIP = NO;
				DEBUG_INFORMATION_FORMAT = "dwarf-with-dsym";
				ENABLE_NS_ASSERTIONS = NO;
				ENABLE_STRICT_OBJC_MSGSEND = YES;
				GCC_C_LANGUAGE_STANDARD = gnu11;
				GCC_NO_COMMON_BLOCKS = YES;
				GCC_WARN_64_TO_32_BIT_CONVERSION = YES;
				GCC_WARN_ABOUT_RETURN_TYPE = YES_ERROR;
				GCC_WARN_UNDECLARED_SELECTOR = YES;
				GCC_WARN_UNINITIALIZED_AUTOS = YES_AGGRESSIVE;
				GCC_WARN_UNUSED_FUNCTION = YES;
				GCC_WARN_UNUSED_VARIABLE = YES;
				IPHONEOS_DEPLOYMENT_TARGET = 13.1;
				MTL_ENABLE_DEBUG_INFO = NO;
				MTL_FAST_MATH = YES;
				SDKROOT = iphoneos;
				SWIFT_COMPILATION_MODE = wholemodule;
				SWIFT_OPTIMIZATION_LEVEL = "-O";
				VALIDATE_PRODUCT = YES;
			};
			name = Release;
		};
		F3B8A98B2386F6270074058F /* Debug */ = {
			isa = XCBuildConfiguration;
			buildSettings = {
				ASSETCATALOG_COMPILER_APPICON_NAME = AppIcon;
				CODE_SIGN_STYLE = Automatic;
				DEVELOPMENT_ASSET_PATHS = "\"CarsShopping/Preview Content\"";
				ENABLE_PREVIEWS = YES;
				INFOPLIST_FILE = CarsShopping/Info.plist;
				IPHONEOS_DEPLOYMENT_TARGET = 10.0;
				LD_RUNPATH_SEARCH_PATHS = (
					"$(inherited)",
					"@executable_path/Frameworks",
				);
				PRODUCT_BUNDLE_IDENTIFIER = br.com.thgdigital.CarsShopping;
				PRODUCT_NAME = "$(TARGET_NAME)";
				SWIFT_VERSION = 5.0;
				TARGETED_DEVICE_FAMILY = "1,2";
			};
			name = Debug;
		};
		F3B8A98C2386F6270074058F /* Release */ = {
			isa = XCBuildConfiguration;
			buildSettings = {
				ASSETCATALOG_COMPILER_APPICON_NAME = AppIcon;
				CODE_SIGN_STYLE = Automatic;
				DEVELOPMENT_ASSET_PATHS = "\"CarsShopping/Preview Content\"";
				ENABLE_PREVIEWS = YES;
				INFOPLIST_FILE = CarsShopping/Info.plist;
				IPHONEOS_DEPLOYMENT_TARGET = 10.0;
				LD_RUNPATH_SEARCH_PATHS = (
					"$(inherited)",
					"@executable_path/Frameworks",
				);
				PRODUCT_BUNDLE_IDENTIFIER = br.com.thgdigital.CarsShopping;
				PRODUCT_NAME = "$(TARGET_NAME)";
				SWIFT_VERSION = 5.0;
				TARGETED_DEVICE_FAMILY = "1,2";
			};
			name = Release;
		};
		F3B8A98E2386F6270074058F /* Debug */ = {
			isa = XCBuildConfiguration;
			buildSettings = {
				ALWAYS_EMBED_SWIFT_STANDARD_LIBRARIES = YES;
				BUNDLE_LOADER = "$(TEST_HOST)";
				CODE_SIGN_STYLE = Automatic;
				INFOPLIST_FILE = CarsShoppingTests/Info.plist;
				IPHONEOS_DEPLOYMENT_TARGET = 13.1;
				LD_RUNPATH_SEARCH_PATHS = (
					"$(inherited)",
					"@executable_path/Frameworks",
					"@loader_path/Frameworks",
				);
				PRODUCT_BUNDLE_IDENTIFIER = br.com.thgdigital.CarsShoppingTests;
				PRODUCT_NAME = "$(TARGET_NAME)";
				SWIFT_VERSION = 5.0;
				TARGETED_DEVICE_FAMILY = "1,2";
				TEST_HOST = "$(BUILT_PRODUCTS_DIR)/CarsShopping.app/CarsShopping";
			};
			name = Debug;
		};
		F3B8A98F2386F6270074058F /* Release */ = {
			isa = XCBuildConfiguration;
			buildSettings = {
				ALWAYS_EMBED_SWIFT_STANDARD_LIBRARIES = YES;
				BUNDLE_LOADER = "$(TEST_HOST)";
				CODE_SIGN_STYLE = Automatic;
				INFOPLIST_FILE = CarsShoppingTests/Info.plist;
				IPHONEOS_DEPLOYMENT_TARGET = 13.1;
				LD_RUNPATH_SEARCH_PATHS = (
					"$(inherited)",
					"@executable_path/Frameworks",
					"@loader_path/Frameworks",
				);
				PRODUCT_BUNDLE_IDENTIFIER = br.com.thgdigital.CarsShoppingTests;
				PRODUCT_NAME = "$(TARGET_NAME)";
				SWIFT_VERSION = 5.0;
				TARGETED_DEVICE_FAMILY = "1,2";
				TEST_HOST = "$(BUILT_PRODUCTS_DIR)/CarsShopping.app/CarsShopping";
			};
			name = Release;
		};
		F3B8A9912386F6270074058F /* Debug */ = {
			isa = XCBuildConfiguration;
			buildSettings = {
				ALWAYS_EMBED_SWIFT_STANDARD_LIBRARIES = YES;
				CODE_SIGN_STYLE = Automatic;
				INFOPLIST_FILE = CarsShoppingUITests/Info.plist;
				LD_RUNPATH_SEARCH_PATHS = (
					"$(inherited)",
					"@executable_path/Frameworks",
					"@loader_path/Frameworks",
				);
				PRODUCT_BUNDLE_IDENTIFIER = br.com.thgdigital.CarsShoppingUITests;
				PRODUCT_NAME = "$(TARGET_NAME)";
				SWIFT_VERSION = 5.0;
				TARGETED_DEVICE_FAMILY = "1,2";
				TEST_TARGET_NAME = CarsShopping;
			};
			name = Debug;
		};
		F3B8A9922386F6270074058F /* Release */ = {
			isa = XCBuildConfiguration;
			buildSettings = {
				ALWAYS_EMBED_SWIFT_STANDARD_LIBRARIES = YES;
				CODE_SIGN_STYLE = Automatic;
				INFOPLIST_FILE = CarsShoppingUITests/Info.plist;
				LD_RUNPATH_SEARCH_PATHS = (
					"$(inherited)",
					"@executable_path/Frameworks",
					"@loader_path/Frameworks",
				);
				PRODUCT_BUNDLE_IDENTIFIER = br.com.thgdigital.CarsShoppingUITests;
				PRODUCT_NAME = "$(TARGET_NAME)";
				SWIFT_VERSION = 5.0;
				TARGETED_DEVICE_FAMILY = "1,2";
				TEST_TARGET_NAME = CarsShopping;
			};
			name = Release;
		};
/* End XCBuildConfiguration section */

/* Begin XCConfigurationList section */
		F3B8A95B2386F61F0074058F /* Build configuration list for PBXProject "CarsShopping" */ = {
			isa = XCConfigurationList;
			buildConfigurations = (
				F3B8A9882386F6270074058F /* Debug */,
				F3B8A9892386F6270074058F /* Release */,
			);
			defaultConfigurationIsVisible = 0;
			defaultConfigurationName = Release;
		};
		F3B8A98A2386F6270074058F /* Build configuration list for PBXNativeTarget "CarsShopping" */ = {
			isa = XCConfigurationList;
			buildConfigurations = (
				F3B8A98B2386F6270074058F /* Debug */,
				F3B8A98C2386F6270074058F /* Release */,
			);
			defaultConfigurationIsVisible = 0;
			defaultConfigurationName = Release;
		};
		F3B8A98D2386F6270074058F /* Build configuration list for PBXNativeTarget "CarsShoppingTests" */ = {
			isa = XCConfigurationList;
			buildConfigurations = (
				F3B8A98E2386F6270074058F /* Debug */,
				F3B8A98F2386F6270074058F /* Release */,
			);
			defaultConfigurationIsVisible = 0;
			defaultConfigurationName = Release;
		};
		F3B8A9902386F6270074058F /* Build configuration list for PBXNativeTarget "CarsShoppingUITests" */ = {
			isa = XCConfigurationList;
			buildConfigurations = (
				F3B8A9912386F6270074058F /* Debug */,
				F3B8A9922386F6270074058F /* Release */,
			);
			defaultConfigurationIsVisible = 0;
			defaultConfigurationName = Release;
		};
/* End XCConfigurationList section */
	};
	rootObject = F3B8A9582386F61F0074058F /* Project object */;
}
